// !$*UTF8*$!
{
	archiveVersion = 1;
	classes = {
	};
	objectVersion = 56;
	objects = {

/* Begin PBXBuildFile section */
		0B1E558429C4E78E00CEAD7D /* SourceSansPro-Black.ttf in Resources */ = {isa = PBXBuildFile; fileRef = 0B1E558329C4E78E00CEAD7D /* SourceSansPro-Black.ttf */; };
		0B1E558629C4F22C00CEAD7D /* HomeView.swift in Sources */ = {isa = PBXBuildFile; fileRef = 0B1E558529C4F22C00CEAD7D /* HomeView.swift */; };
		0B2FA2F229BF911300D9770D /* Righteous-Regular.ttf in Resources */ = {isa = PBXBuildFile; fileRef = 0B2FA2F129BF911300D9770D /* Righteous-Regular.ttf */; };
		0B2FA2F429BF922500D9770D /* GoogleService-Info.plist in Resources */ = {isa = PBXBuildFile; fileRef = 0B2FA2F329BF922500D9770D /* GoogleService-Info.plist */; };
		0B2FA2F729BF92FE00D9770D /* FirebaseAnalytics in Frameworks */ = {isa = PBXBuildFile; productRef = 0B2FA2F629BF92FE00D9770D /* FirebaseAnalytics */; };
		0B2FA2F929BF92FE00D9770D /* FirebaseAuth in Frameworks */ = {isa = PBXBuildFile; productRef = 0B2FA2F829BF92FE00D9770D /* FirebaseAuth */; };
		0B2FA2FB29BF92FE00D9770D /* FirebaseFirestore in Frameworks */ = {isa = PBXBuildFile; productRef = 0B2FA2FA29BF92FE00D9770D /* FirebaseFirestore */; };
		0B2FA30629BF9A5200D9770D /* GoogleSignIn in Frameworks */ = {isa = PBXBuildFile; productRef = 0B2FA30529BF9A5200D9770D /* GoogleSignIn */; };
		0B2FA30829BF9A5200D9770D /* GoogleSignInSwift in Frameworks */ = {isa = PBXBuildFile; productRef = 0B2FA30729BF9A5200D9770D /* GoogleSignInSwift */; };
		0B55A45C29CCCD9400B61627 /* LaunchView.swift in Sources */ = {isa = PBXBuildFile; fileRef = 0B55A45B29CCCD9400B61627 /* LaunchView.swift */; };
		0B55A45E29CCCE1600B61627 /* LaunchColor.swift in Sources */ = {isa = PBXBuildFile; fileRef = 0B55A45D29CCCE1600B61627 /* LaunchColor.swift */; };
		0B70632129CA4E3900DD52E3 /* LaunchScreen.storyboard in Resources */ = {isa = PBXBuildFile; fileRef = 0B70632029CA4E3900DD52E3 /* LaunchScreen.storyboard */; };
		0B80165129C01072009DAB09 /* AppDelegate.swift in Sources */ = {isa = PBXBuildFile; fileRef = 0B80165029C01072009DAB09 /* AppDelegate.swift */; };
		0B80165629C0E6D8009DAB09 /* FirebaseAuthentication.swift in Sources */ = {isa = PBXBuildFile; fileRef = 0B80165529C0E6D8009DAB09 /* FirebaseAuthentication.swift */; };
		0B80165829C0E7A8009DAB09 /* RootUIViewController.swift in Sources */ = {isa = PBXBuildFile; fileRef = 0B80165729C0E7A8009DAB09 /* RootUIViewController.swift */; };
		0B84FFE129C20CB4007B7AAC /* UserProfileView.swift in Sources */ = {isa = PBXBuildFile; fileRef = 0B84FFE029C20CB4007B7AAC /* UserProfileView.swift */; };
		0BF0ECAD29BF8E3C0009DABC /* TerpExchangeApp.swift in Sources */ = {isa = PBXBuildFile; fileRef = 0BF0ECAC29BF8E3C0009DABC /* TerpExchangeApp.swift */; };
		0BF0ECAF29BF8E3C0009DABC /* ContentView.swift in Sources */ = {isa = PBXBuildFile; fileRef = 0BF0ECAE29BF8E3C0009DABC /* ContentView.swift */; };
		0BF0ECB129BF8E3D0009DABC /* Assets.xcassets in Resources */ = {isa = PBXBuildFile; fileRef = 0BF0ECB029BF8E3D0009DABC /* Assets.xcassets */; };
		0BF0ECB429BF8E3D0009DABC /* Preview Assets.xcassets in Resources */ = {isa = PBXBuildFile; fileRef = 0BF0ECB329BF8E3D0009DABC /* Preview Assets.xcassets */; };
		0BF0ECBB29BF8E530009DABC /* AccountOptionsView.swift in Sources */ = {isa = PBXBuildFile; fileRef = 0BF0ECBA29BF8E530009DABC /* AccountOptionsView.swift */; };
		2A422F8B29CCC362006BEA5B /* NavbarView.swift in Sources */ = {isa = PBXBuildFile; fileRef = 2A422F8A29CCC362006BEA5B /* NavbarView.swift */; };
		2A422F8D29CCD398006BEA5B /* ChatsView.swift in Sources */ = {isa = PBXBuildFile; fileRef = 2A422F8C29CCD398006BEA5B /* ChatsView.swift */; };
		2A422F8F29CCD3CC006BEA5B /* PostView.swift in Sources */ = {isa = PBXBuildFile; fileRef = 2A422F8E29CCD3CC006BEA5B /* PostView.swift */; };
		2A46EF1829D4BBBF0084709F /* ItemView.swift in Sources */ = {isa = PBXBuildFile; fileRef = 2A46EF1729D4BBBF0084709F /* ItemView.swift */; };
		2A57F25A29F4893E008C9A0F /* FakeNavigationLink.swift in Sources */ = {isa = PBXBuildFile; fileRef = 2A57F25929F4893E008C9A0F /* FakeNavigationLink.swift */; };
		2A59D53C29F8457700B31CF4 /* FirebaseStorage in Frameworks */ = {isa = PBXBuildFile; productRef = 2A59D53B29F8457700B31CF4 /* FirebaseStorage */; };
		2A59D53E29F8458500B31CF4 /* FirebaseFirestoreSwift in Frameworks */ = {isa = PBXBuildFile; productRef = 2A59D53D29F8458500B31CF4 /* FirebaseFirestoreSwift */; };
		2A5A3AE429EF12EC00D5F0FA /* InboxManager.swift in Sources */ = {isa = PBXBuildFile; fileRef = 2A5A3AE329EF12EC00D5F0FA /* InboxManager.swift */; };
		2A5A3AE629EF20F200D5F0FA /* Manager.swift in Sources */ = {isa = PBXBuildFile; fileRef = 2A5A3AE529EF20F200D5F0FA /* Manager.swift */; };
		2A5AB36629F7469C00C995AE /* PhotoManager.swift in Sources */ = {isa = PBXBuildFile; fileRef = 2A5AB36529F7469C00C995AE /* PhotoManager.swift */; };
		2A5B347529E46F5A0080A94C /* DetailedChatView.swift in Sources */ = {isa = PBXBuildFile; fileRef = 2A5B347429E46F5A0080A94C /* DetailedChatView.swift */; };
		2A6E9AA129E7634F0051294C /* ImagePicker.swift in Sources */ = {isa = PBXBuildFile; fileRef = 2A6E9AA029E7634F0051294C /* ImagePicker.swift */; };
		2AA15DE029E8A869001A1AD9 /* SideMenuView.swift in Sources */ = {isa = PBXBuildFile; fileRef = 2AA15DDF29E8A869001A1AD9 /* SideMenuView.swift */; };
		2AA15DE229E8A8EC001A1AD9 /* ReviewsView.swift in Sources */ = {isa = PBXBuildFile; fileRef = 2AA15DE129E8A8EC001A1AD9 /* ReviewsView.swift */; };
		2AA15DE429E8A92F001A1AD9 /* FirestoreDB.swift in Sources */ = {isa = PBXBuildFile; fileRef = 2AA15DE329E8A92F001A1AD9 /* FirestoreDB.swift */; };
		2AA15DE629E8A948001A1AD9 /* ReviewsDB.swift in Sources */ = {isa = PBXBuildFile; fileRef = 2AA15DE529E8A948001A1AD9 /* ReviewsDB.swift */; };
		2AB3A4DC2A0193F9008AB2AD /* OtherUsersDB.swift in Sources */ = {isa = PBXBuildFile; fileRef = 2AB3A4DB2A0193F9008AB2AD /* OtherUsersDB.swift */; };
		2AE61FBF29EE31F7002A861F /* TitleRow.swift in Sources */ = {isa = PBXBuildFile; fileRef = 2AE61FBE29EE31F7002A861F /* TitleRow.swift */; };
		2AE61FC129EE3455002A861F /* ChatView.swift in Sources */ = {isa = PBXBuildFile; fileRef = 2AE61FC029EE3455002A861F /* ChatView.swift */; };
		2AE61FC329EE34D7002A861F /* Message.swift in Sources */ = {isa = PBXBuildFile; fileRef = 2AE61FC229EE34D7002A861F /* Message.swift */; };
		2AE61FC529EE46F5002A861F /* MessagesManager.swift in Sources */ = {isa = PBXBuildFile; fileRef = 2AE61FC429EE46F5002A861F /* MessagesManager.swift */; };
		2AE7CE4629FC2BF700A5EECA /* UserItemsDB.swift in Sources */ = {isa = PBXBuildFile; fileRef = 2AE7CE4529FC2BF700A5EECA /* UserItemsDB.swift */; };
/* End PBXBuildFile section */

/* Begin PBXFileReference section */
		0B1E558329C4E78E00CEAD7D /* SourceSansPro-Black.ttf */ = {isa = PBXFileReference; lastKnownFileType = file; path = "SourceSansPro-Black.ttf"; sourceTree = "<group>"; };
		0B1E558529C4F22C00CEAD7D /* HomeView.swift */ = {isa = PBXFileReference; lastKnownFileType = sourcecode.swift; path = HomeView.swift; sourceTree = "<group>"; };
		0B2FA2F029BF8FA300D9770D /* Info.plist */ = {isa = PBXFileReference; lastKnownFileType = text.plist; path = Info.plist; sourceTree = "<group>"; };
		0B2FA2F129BF911300D9770D /* Righteous-Regular.ttf */ = {isa = PBXFileReference; lastKnownFileType = file; path = "Righteous-Regular.ttf"; sourceTree = "<group>"; };
		0B2FA2F329BF922500D9770D /* GoogleService-Info.plist */ = {isa = PBXFileReference; fileEncoding = 4; lastKnownFileType = text.plist.xml; path = "GoogleService-Info.plist"; sourceTree = "<group>"; };
		0B55A45B29CCCD9400B61627 /* LaunchView.swift */ = {isa = PBXFileReference; lastKnownFileType = sourcecode.swift; path = LaunchView.swift; sourceTree = "<group>"; };
		0B55A45D29CCCE1600B61627 /* LaunchColor.swift */ = {isa = PBXFileReference; lastKnownFileType = sourcecode.swift; path = LaunchColor.swift; sourceTree = "<group>"; };
		0B70632029CA4E3900DD52E3 /* LaunchScreen.storyboard */ = {isa = PBXFileReference; lastKnownFileType = file.storyboard; path = LaunchScreen.storyboard; sourceTree = "<group>"; };
		0B80165029C01072009DAB09 /* AppDelegate.swift */ = {isa = PBXFileReference; lastKnownFileType = sourcecode.swift; path = AppDelegate.swift; sourceTree = "<group>"; };
		0B80165529C0E6D8009DAB09 /* FirebaseAuthentication.swift */ = {isa = PBXFileReference; lastKnownFileType = sourcecode.swift; path = FirebaseAuthentication.swift; sourceTree = "<group>"; };
		0B80165729C0E7A8009DAB09 /* RootUIViewController.swift */ = {isa = PBXFileReference; lastKnownFileType = sourcecode.swift; path = RootUIViewController.swift; sourceTree = "<group>"; };
		0B84FFE029C20CB4007B7AAC /* UserProfileView.swift */ = {isa = PBXFileReference; lastKnownFileType = sourcecode.swift; path = UserProfileView.swift; sourceTree = "<group>"; };
		0BF0ECA929BF8E3C0009DABC /* TerpExchange.app */ = {isa = PBXFileReference; explicitFileType = wrapper.application; includeInIndex = 0; path = TerpExchange.app; sourceTree = BUILT_PRODUCTS_DIR; };
		0BF0ECAC29BF8E3C0009DABC /* TerpExchangeApp.swift */ = {isa = PBXFileReference; lastKnownFileType = sourcecode.swift; path = TerpExchangeApp.swift; sourceTree = "<group>"; };
		0BF0ECAE29BF8E3C0009DABC /* ContentView.swift */ = {isa = PBXFileReference; lastKnownFileType = sourcecode.swift; path = ContentView.swift; sourceTree = "<group>"; };
		0BF0ECB029BF8E3D0009DABC /* Assets.xcassets */ = {isa = PBXFileReference; lastKnownFileType = folder.assetcatalog; path = Assets.xcassets; sourceTree = "<group>"; };
		0BF0ECB329BF8E3D0009DABC /* Preview Assets.xcassets */ = {isa = PBXFileReference; lastKnownFileType = folder.assetcatalog; path = "Preview Assets.xcassets"; sourceTree = "<group>"; };
		0BF0ECBA29BF8E530009DABC /* AccountOptionsView.swift */ = {isa = PBXFileReference; lastKnownFileType = sourcecode.swift; path = AccountOptionsView.swift; sourceTree = "<group>"; };
		2A422F8A29CCC362006BEA5B /* NavbarView.swift */ = {isa = PBXFileReference; lastKnownFileType = sourcecode.swift; path = NavbarView.swift; sourceTree = "<group>"; };
		2A422F8C29CCD398006BEA5B /* ChatsView.swift */ = {isa = PBXFileReference; lastKnownFileType = sourcecode.swift; path = ChatsView.swift; sourceTree = "<group>"; };
		2A422F8E29CCD3CC006BEA5B /* PostView.swift */ = {isa = PBXFileReference; lastKnownFileType = sourcecode.swift; path = PostView.swift; sourceTree = "<group>"; };
		2A46EF1729D4BBBF0084709F /* ItemView.swift */ = {isa = PBXFileReference; lastKnownFileType = sourcecode.swift; path = ItemView.swift; sourceTree = "<group>"; };
		2A57F25929F4893E008C9A0F /* FakeNavigationLink.swift */ = {isa = PBXFileReference; lastKnownFileType = sourcecode.swift; path = FakeNavigationLink.swift; sourceTree = "<group>"; };
		2A5A3AE329EF12EC00D5F0FA /* InboxManager.swift */ = {isa = PBXFileReference; lastKnownFileType = sourcecode.swift; path = InboxManager.swift; sourceTree = "<group>"; };
		2A5A3AE529EF20F200D5F0FA /* Manager.swift */ = {isa = PBXFileReference; lastKnownFileType = sourcecode.swift; path = Manager.swift; sourceTree = "<group>"; };
		2A5AB36529F7469C00C995AE /* PhotoManager.swift */ = {isa = PBXFileReference; lastKnownFileType = sourcecode.swift; path = PhotoManager.swift; sourceTree = "<group>"; };
		2A5B347429E46F5A0080A94C /* DetailedChatView.swift */ = {isa = PBXFileReference; lastKnownFileType = sourcecode.swift; path = DetailedChatView.swift; sourceTree = "<group>"; };
		2A6E9AA029E7634F0051294C /* ImagePicker.swift */ = {isa = PBXFileReference; lastKnownFileType = sourcecode.swift; path = ImagePicker.swift; sourceTree = "<group>"; };
		2AA15DDF29E8A869001A1AD9 /* SideMenuView.swift */ = {isa = PBXFileReference; lastKnownFileType = sourcecode.swift; path = SideMenuView.swift; sourceTree = "<group>"; };
		2AA15DE129E8A8EC001A1AD9 /* ReviewsView.swift */ = {isa = PBXFileReference; lastKnownFileType = sourcecode.swift; path = ReviewsView.swift; sourceTree = "<group>"; };
		2AA15DE329E8A92F001A1AD9 /* FirestoreDB.swift */ = {isa = PBXFileReference; lastKnownFileType = sourcecode.swift; path = FirestoreDB.swift; sourceTree = "<group>"; };
		2AA15DE529E8A948001A1AD9 /* ReviewsDB.swift */ = {isa = PBXFileReference; lastKnownFileType = sourcecode.swift; path = ReviewsDB.swift; sourceTree = "<group>"; };
		2AB3A4DB2A0193F9008AB2AD /* OtherUsersDB.swift */ = {isa = PBXFileReference; lastKnownFileType = sourcecode.swift; path = OtherUsersDB.swift; sourceTree = "<group>"; };
		2AE61FBE29EE31F7002A861F /* TitleRow.swift */ = {isa = PBXFileReference; lastKnownFileType = sourcecode.swift; path = TitleRow.swift; sourceTree = "<group>"; };
		2AE61FC029EE3455002A861F /* ChatView.swift */ = {isa = PBXFileReference; lastKnownFileType = sourcecode.swift; path = ChatView.swift; sourceTree = "<group>"; };
		2AE61FC229EE34D7002A861F /* Message.swift */ = {isa = PBXFileReference; lastKnownFileType = sourcecode.swift; path = Message.swift; sourceTree = "<group>"; };
		2AE61FC429EE46F5002A861F /* MessagesManager.swift */ = {isa = PBXFileReference; lastKnownFileType = sourcecode.swift; path = MessagesManager.swift; sourceTree = "<group>"; };
		2AE7CE4529FC2BF700A5EECA /* UserItemsDB.swift */ = {isa = PBXFileReference; lastKnownFileType = sourcecode.swift; path = UserItemsDB.swift; sourceTree = "<group>"; };
/* End PBXFileReference section */

/* Begin PBXFrameworksBuildPhase section */
		0BF0ECA629BF8E3C0009DABC /* Frameworks */ = {
			isa = PBXFrameworksBuildPhase;
			buildActionMask = 2147483647;
			files = (
				0B2FA30829BF9A5200D9770D /* GoogleSignInSwift in Frameworks */,
				0B2FA2F729BF92FE00D9770D /* FirebaseAnalytics in Frameworks */,
				0B2FA30629BF9A5200D9770D /* GoogleSignIn in Frameworks */,
				2A59D53E29F8458500B31CF4 /* FirebaseFirestoreSwift in Frameworks */,
				0B2FA2F929BF92FE00D9770D /* FirebaseAuth in Frameworks */,
				0B2FA2FB29BF92FE00D9770D /* FirebaseFirestore in Frameworks */,
				2A59D53C29F8457700B31CF4 /* FirebaseStorage in Frameworks */,
			);
			runOnlyForDeploymentPostprocessing = 0;
		};
/* End PBXFrameworksBuildPhase section */

/* Begin PBXGroup section */
		0B2FA2EE29BF8E8900D9770D /* Views */ = {
			isa = PBXGroup;
			children = (
				0BF0ECAE29BF8E3C0009DABC /* ContentView.swift */,
				0BF0ECBA29BF8E530009DABC /* AccountOptionsView.swift */,
				0B84FFE029C20CB4007B7AAC /* UserProfileView.swift */,
				0B1E558529C4F22C00CEAD7D /* HomeView.swift */,
				2A422F8A29CCC362006BEA5B /* NavbarView.swift */,
				2A5B347429E46F5A0080A94C /* DetailedChatView.swift */,
				2A422F8E29CCD3CC006BEA5B /* PostView.swift */,
				2A46EF1729D4BBBF0084709F /* ItemView.swift */,
				2A6E9AA029E7634F0051294C /* ImagePicker.swift */,
				2AA15DDF29E8A869001A1AD9 /* SideMenuView.swift */,
				2AA15DE129E8A8EC001A1AD9 /* ReviewsView.swift */,
				2A57F25929F4893E008C9A0F /* FakeNavigationLink.swift */,
			);
			path = Views;
			sourceTree = "<group>";
		};
		0B2FA2EF29BF8ED500D9770D /* Fonts */ = {
			isa = PBXGroup;
			children = (
				0B1E558329C4E78E00CEAD7D /* SourceSansPro-Black.ttf */,
				0B2FA2F129BF911300D9770D /* Righteous-Regular.ttf */,
			);
			path = Fonts;
			sourceTree = "<group>";
		};
		0B70631E29CA4DEB00DD52E3 /* Launch */ = {
			isa = PBXGroup;
			children = (
				0B70631F29CA4E1A00DD52E3 /* Views */,
			);
			path = Launch;
			sourceTree = "<group>";
		};
		0B70631F29CA4E1A00DD52E3 /* Views */ = {
			isa = PBXGroup;
			children = (
				0B70632029CA4E3900DD52E3 /* LaunchScreen.storyboard */,
				0B55A45B29CCCD9400B61627 /* LaunchView.swift */,
				0B55A45D29CCCE1600B61627 /* LaunchColor.swift */,
			);
			path = Views;
			sourceTree = "<group>";
		};
		0B80165429C0E5E3009DAB09 /* LoginHelper */ = {
			isa = PBXGroup;
			children = (
				0B80165029C01072009DAB09 /* AppDelegate.swift */,
				0B80165529C0E6D8009DAB09 /* FirebaseAuthentication.swift */,
				0B80165729C0E7A8009DAB09 /* RootUIViewController.swift */,
				2AA15DE329E8A92F001A1AD9 /* FirestoreDB.swift */,
				2AA15DE529E8A948001A1AD9 /* ReviewsDB.swift */,
				2AB3A4DB2A0193F9008AB2AD /* OtherUsersDB.swift */,
				2AE7CE4529FC2BF700A5EECA /* UserItemsDB.swift */,
			);
			path = LoginHelper;
			sourceTree = "<group>";
		};
		0BF0ECA029BF8E3C0009DABC = {
			isa = PBXGroup;
			children = (
				0BF0ECAB29BF8E3C0009DABC /* TerpExchange */,
				0BF0ECAA29BF8E3C0009DABC /* Products */,
				2A59D53A29F8457700B31CF4 /* Frameworks */,
			);
			sourceTree = "<group>";
		};
		0BF0ECAA29BF8E3C0009DABC /* Products */ = {
			isa = PBXGroup;
			children = (
				0BF0ECA929BF8E3C0009DABC /* TerpExchange.app */,
			);
			name = Products;
			sourceTree = "<group>";
		};
		0BF0ECAB29BF8E3C0009DABC /* TerpExchange */ = {
			isa = PBXGroup;
			children = (
				0B70631E29CA4DEB00DD52E3 /* Launch */,
				0B80165429C0E5E3009DAB09 /* LoginHelper */,
				2AE61FBB29EE2818002A861F /* Inbox */,
				2A5A3AE529EF20F200D5F0FA /* Manager.swift */,
				2A5AB36529F7469C00C995AE /* PhotoManager.swift */,
				0B2FA2EE29BF8E8900D9770D /* Views */,
				0B2FA2EF29BF8ED500D9770D /* Fonts */,
				0BF0ECB229BF8E3D0009DABC /* Preview Content */,
				0B2FA2F329BF922500D9770D /* GoogleService-Info.plist */,
				0B2FA2F029BF8FA300D9770D /* Info.plist */,
				0BF0ECB029BF8E3D0009DABC /* Assets.xcassets */,
				0BF0ECAC29BF8E3C0009DABC /* TerpExchangeApp.swift */,
			);
			path = TerpExchange;
			sourceTree = "<group>";
		};
		0BF0ECB229BF8E3D0009DABC /* Preview Content */ = {
			isa = PBXGroup;
			children = (
				0BF0ECB329BF8E3D0009DABC /* Preview Assets.xcassets */,
			);
			path = "Preview Content";
			sourceTree = "<group>";
		};
		2A59D53A29F8457700B31CF4 /* Frameworks */ = {
			isa = PBXGroup;
			children = (
			);
			name = Frameworks;
			sourceTree = "<group>";
		};
		2AE61FBB29EE2818002A861F /* Inbox */ = {
			isa = PBXGroup;
			children = (
				2A422F8C29CCD398006BEA5B /* ChatsView.swift */,
				2AE61FBE29EE31F7002A861F /* TitleRow.swift */,
				2AE61FC029EE3455002A861F /* ChatView.swift */,
				2AE61FC229EE34D7002A861F /* Message.swift */,
				2AE61FC429EE46F5002A861F /* MessagesManager.swift */,
				2A5A3AE329EF12EC00D5F0FA /* InboxManager.swift */,
			);
			path = Inbox;
			sourceTree = "<group>";
		};
/* End PBXGroup section */

/* Begin PBXNativeTarget section */
		0BF0ECA829BF8E3C0009DABC /* TerpExchange */ = {
			isa = PBXNativeTarget;
			buildConfigurationList = 0BF0ECB729BF8E3D0009DABC /* Build configuration list for PBXNativeTarget "TerpExchange" */;
			buildPhases = (
				0BF0ECA529BF8E3C0009DABC /* Sources */,
				0BF0ECA629BF8E3C0009DABC /* Frameworks */,
				0BF0ECA729BF8E3C0009DABC /* Resources */,
			);
			buildRules = (
			);
			dependencies = (
			);
			name = TerpExchange;
			packageProductDependencies = (
				0B2FA2F629BF92FE00D9770D /* FirebaseAnalytics */,
				0B2FA2F829BF92FE00D9770D /* FirebaseAuth */,
				0B2FA2FA29BF92FE00D9770D /* FirebaseFirestore */,
				0B2FA30529BF9A5200D9770D /* GoogleSignIn */,
				0B2FA30729BF9A5200D9770D /* GoogleSignInSwift */,
				2A59D53B29F8457700B31CF4 /* FirebaseStorage */,
				2A59D53D29F8458500B31CF4 /* FirebaseFirestoreSwift */,
			);
			productName = TerpExchange;
			productReference = 0BF0ECA929BF8E3C0009DABC /* TerpExchange.app */;
			productType = "com.apple.product-type.application";
		};
/* End PBXNativeTarget section */

/* Begin PBXProject section */
		0BF0ECA129BF8E3C0009DABC /* Project object */ = {
			isa = PBXProject;
			attributes = {
				BuildIndependentTargetsInParallel = 1;
				LastSwiftUpdateCheck = 1420;
				LastUpgradeCheck = 1420;
				TargetAttributes = {
					0BF0ECA829BF8E3C0009DABC = {
						CreatedOnToolsVersion = 14.2;
					};
				};
			};
			buildConfigurationList = 0BF0ECA429BF8E3C0009DABC /* Build configuration list for PBXProject "TerpExchange" */;
			compatibilityVersion = "Xcode 14.0";
			developmentRegion = en;
			hasScannedForEncodings = 0;
			knownRegions = (
				en,
				Base,
			);
			mainGroup = 0BF0ECA029BF8E3C0009DABC;
			packageReferences = (
				0B2FA2F529BF92FE00D9770D /* XCRemoteSwiftPackageReference "firebase-ios-sdk" */,
				0B2FA30429BF9A5200D9770D /* XCRemoteSwiftPackageReference "GoogleSignIn-iOS" */,
			);
			productRefGroup = 0BF0ECAA29BF8E3C0009DABC /* Products */;
			projectDirPath = "";
			projectRoot = "";
			targets = (
				0BF0ECA829BF8E3C0009DABC /* TerpExchange */,
			);
		};
/* End PBXProject section */

/* Begin PBXResourcesBuildPhase section */
		0BF0ECA729BF8E3C0009DABC /* Resources */ = {
			isa = PBXResourcesBuildPhase;
			buildActionMask = 2147483647;
			files = (
				0BF0ECB429BF8E3D0009DABC /* Preview Assets.xcassets in Resources */,
				0B2FA2F429BF922500D9770D /* GoogleService-Info.plist in Resources */,
				0B2FA2F229BF911300D9770D /* Righteous-Regular.ttf in Resources */,
				0B70632129CA4E3900DD52E3 /* LaunchScreen.storyboard in Resources */,
				0B1E558429C4E78E00CEAD7D /* SourceSansPro-Black.ttf in Resources */,
				0BF0ECB129BF8E3D0009DABC /* Assets.xcassets in Resources */,
			);
			runOnlyForDeploymentPostprocessing = 0;
		};
/* End PBXResourcesBuildPhase section */

/* Begin PBXSourcesBuildPhase section */
		0BF0ECA529BF8E3C0009DABC /* Sources */ = {
			isa = PBXSourcesBuildPhase;
			buildActionMask = 2147483647;
			files = (
				2AA15DE429E8A92F001A1AD9 /* FirestoreDB.swift in Sources */,
				2AA15DE229E8A8EC001A1AD9 /* ReviewsView.swift in Sources */,
				2AE61FBF29EE31F7002A861F /* TitleRow.swift in Sources */,
				0B80165629C0E6D8009DAB09 /* FirebaseAuthentication.swift in Sources */,
				2AE61FC129EE3455002A861F /* ChatView.swift in Sources */,
				2AA15DE029E8A869001A1AD9 /* SideMenuView.swift in Sources */,
				2A57F25A29F4893E008C9A0F /* FakeNavigationLink.swift in Sources */,
				2AE61FC329EE34D7002A861F /* Message.swift in Sources */,
				0B55A45C29CCCD9400B61627 /* LaunchView.swift in Sources */,
				0B55A45E29CCCE1600B61627 /* LaunchColor.swift in Sources */,
				2AE7CE4629FC2BF700A5EECA /* UserItemsDB.swift in Sources */,
				2A5A3AE429EF12EC00D5F0FA /* InboxManager.swift in Sources */,
				2A5A3AE629EF20F200D5F0FA /* Manager.swift in Sources */,
				0B80165129C01072009DAB09 /* AppDelegate.swift in Sources */,
				0BF0ECBB29BF8E530009DABC /* AccountOptionsView.swift in Sources */,
				2AE61FC529EE46F5002A861F /* MessagesManager.swift in Sources */,
				0B1E558629C4F22C00CEAD7D /* HomeView.swift in Sources */,
				2A422F8D29CCD398006BEA5B /* ChatsView.swift in Sources */,
				2A5AB36629F7469C00C995AE /* PhotoManager.swift in Sources */,
				2A422F8B29CCC362006BEA5B /* NavbarView.swift in Sources */,
				0B84FFE129C20CB4007B7AAC /* UserProfileView.swift in Sources */,
				2AB3A4DC2A0193F9008AB2AD /* OtherUsersDB.swift in Sources */,
				0B80165829C0E7A8009DAB09 /* RootUIViewController.swift in Sources */,
				2A5B347529E46F5A0080A94C /* DetailedChatView.swift in Sources */,
				0BF0ECAF29BF8E3C0009DABC /* ContentView.swift in Sources */,
				2A46EF1829D4BBBF0084709F /* ItemView.swift in Sources */,
				2A6E9AA129E7634F0051294C /* ImagePicker.swift in Sources */,
				2AA15DE629E8A948001A1AD9 /* ReviewsDB.swift in Sources */,
				2A422F8F29CCD3CC006BEA5B /* PostView.swift in Sources */,
				0BF0ECAD29BF8E3C0009DABC /* TerpExchangeApp.swift in Sources */,
			);
			runOnlyForDeploymentPostprocessing = 0;
		};
/* End PBXSourcesBuildPhase section */

/* Begin XCBuildConfiguration section */
		0BF0ECB529BF8E3D0009DABC /* Debug */ = {
			isa = XCBuildConfiguration;
			buildSettings = {
				ALWAYS_SEARCH_USER_PATHS = NO;
				CLANG_ANALYZER_NONNULL = YES;
				CLANG_ANALYZER_NUMBER_OBJECT_CONVERSION = YES_AGGRESSIVE;
				CLANG_CXX_LANGUAGE_STANDARD = "gnu++20";
				CLANG_ENABLE_MODULES = YES;
				CLANG_ENABLE_OBJC_ARC = YES;
				CLANG_ENABLE_OBJC_WEAK = YES;
				CLANG_WARN_BLOCK_CAPTURE_AUTORELEASING = YES;
				CLANG_WARN_BOOL_CONVERSION = YES;
				CLANG_WARN_COMMA = YES;
				CLANG_WARN_CONSTANT_CONVERSION = YES;
				CLANG_WARN_DEPRECATED_OBJC_IMPLEMENTATIONS = YES;
				CLANG_WARN_DIRECT_OBJC_ISA_USAGE = YES_ERROR;
				CLANG_WARN_DOCUMENTATION_COMMENTS = YES;
				CLANG_WARN_EMPTY_BODY = YES;
				CLANG_WARN_ENUM_CONVERSION = YES;
				CLANG_WARN_INFINITE_RECURSION = YES;
				CLANG_WARN_INT_CONVERSION = YES;
				CLANG_WARN_NON_LITERAL_NULL_CONVERSION = YES;
				CLANG_WARN_OBJC_IMPLICIT_RETAIN_SELF = YES;
				CLANG_WARN_OBJC_LITERAL_CONVERSION = YES;
				CLANG_WARN_OBJC_ROOT_CLASS = YES_ERROR;
				CLANG_WARN_QUOTED_INCLUDE_IN_FRAMEWORK_HEADER = YES;
				CLANG_WARN_RANGE_LOOP_ANALYSIS = YES;
				CLANG_WARN_STRICT_PROTOTYPES = YES;
				CLANG_WARN_SUSPICIOUS_MOVE = YES;
				CLANG_WARN_UNGUARDED_AVAILABILITY = YES_AGGRESSIVE;
				CLANG_WARN_UNREACHABLE_CODE = YES;
				CLANG_WARN__DUPLICATE_METHOD_MATCH = YES;
				COPY_PHASE_STRIP = NO;
				DEBUG_INFORMATION_FORMAT = dwarf;
				ENABLE_STRICT_OBJC_MSGSEND = YES;
				ENABLE_TESTABILITY = YES;
				GCC_C_LANGUAGE_STANDARD = gnu11;
				GCC_DYNAMIC_NO_PIC = NO;
				GCC_NO_COMMON_BLOCKS = YES;
				GCC_OPTIMIZATION_LEVEL = 0;
				GCC_PREPROCESSOR_DEFINITIONS = (
					"DEBUG=1",
					"$(inherited)",
				);
				GCC_WARN_64_TO_32_BIT_CONVERSION = YES;
				GCC_WARN_ABOUT_RETURN_TYPE = YES_ERROR;
				GCC_WARN_UNDECLARED_SELECTOR = YES;
				GCC_WARN_UNINITIALIZED_AUTOS = YES_AGGRESSIVE;
				GCC_WARN_UNUSED_FUNCTION = YES;
				GCC_WARN_UNUSED_VARIABLE = YES;
				IPHONEOS_DEPLOYMENT_TARGET = 16.2;
				MTL_ENABLE_DEBUG_INFO = INCLUDE_SOURCE;
				MTL_FAST_MATH = YES;
				ONLY_ACTIVE_ARCH = YES;
				SDKROOT = iphoneos;
				SWIFT_ACTIVE_COMPILATION_CONDITIONS = DEBUG;
				SWIFT_OPTIMIZATION_LEVEL = "-Onone";
			};
			name = Debug;
		};
		0BF0ECB629BF8E3D0009DABC /* Release */ = {
			isa = XCBuildConfiguration;
			buildSettings = {
				ALWAYS_SEARCH_USER_PATHS = NO;
				CLANG_ANALYZER_NONNULL = YES;
				CLANG_ANALYZER_NUMBER_OBJECT_CONVERSION = YES_AGGRESSIVE;
				CLANG_CXX_LANGUAGE_STANDARD = "gnu++20";
				CLANG_ENABLE_MODULES = YES;
				CLANG_ENABLE_OBJC_ARC = YES;
				CLANG_ENABLE_OBJC_WEAK = YES;
				CLANG_WARN_BLOCK_CAPTURE_AUTORELEASING = YES;
				CLANG_WARN_BOOL_CONVERSION = YES;
				CLANG_WARN_COMMA = YES;
				CLANG_WARN_CONSTANT_CONVERSION = YES;
				CLANG_WARN_DEPRECATED_OBJC_IMPLEMENTATIONS = YES;
				CLANG_WARN_DIRECT_OBJC_ISA_USAGE = YES_ERROR;
				CLANG_WARN_DOCUMENTATION_COMMENTS = YES;
				CLANG_WARN_EMPTY_BODY = YES;
				CLANG_WARN_ENUM_CONVERSION = YES;
				CLANG_WARN_INFINITE_RECURSION = YES;
				CLANG_WARN_INT_CONVERSION = YES;
				CLANG_WARN_NON_LITERAL_NULL_CONVERSION = YES;
				CLANG_WARN_OBJC_IMPLICIT_RETAIN_SELF = YES;
				CLANG_WARN_OBJC_LITERAL_CONVERSION = YES;
				CLANG_WARN_OBJC_ROOT_CLASS = YES_ERROR;
				CLANG_WARN_QUOTED_INCLUDE_IN_FRAMEWORK_HEADER = YES;
				CLANG_WARN_RANGE_LOOP_ANALYSIS = YES;
				CLANG_WARN_STRICT_PROTOTYPES = YES;
				CLANG_WARN_SUSPICIOUS_MOVE = YES;
				CLANG_WARN_UNGUARDED_AVAILABILITY = YES_AGGRESSIVE;
				CLANG_WARN_UNREACHABLE_CODE = YES;
				CLANG_WARN__DUPLICATE_METHOD_MATCH = YES;
				COPY_PHASE_STRIP = NO;
				DEBUG_INFORMATION_FORMAT = "dwarf-with-dsym";
				ENABLE_NS_ASSERTIONS = NO;
				ENABLE_STRICT_OBJC_MSGSEND = YES;
				GCC_C_LANGUAGE_STANDARD = gnu11;
				GCC_NO_COMMON_BLOCKS = YES;
				GCC_WARN_64_TO_32_BIT_CONVERSION = YES;
				GCC_WARN_ABOUT_RETURN_TYPE = YES_ERROR;
				GCC_WARN_UNDECLARED_SELECTOR = YES;
				GCC_WARN_UNINITIALIZED_AUTOS = YES_AGGRESSIVE;
				GCC_WARN_UNUSED_FUNCTION = YES;
				GCC_WARN_UNUSED_VARIABLE = YES;
				IPHONEOS_DEPLOYMENT_TARGET = 16.2;
				MTL_ENABLE_DEBUG_INFO = NO;
				MTL_FAST_MATH = YES;
				SDKROOT = iphoneos;
				SWIFT_COMPILATION_MODE = wholemodule;
				SWIFT_OPTIMIZATION_LEVEL = "-O";
				VALIDATE_PRODUCT = YES;
			};
			name = Release;
		};
		0BF0ECB829BF8E3D0009DABC /* Debug */ = {
			isa = XCBuildConfiguration;
			buildSettings = {
				ASSETCATALOG_COMPILER_APPICON_NAME = AppIcon;
				ASSETCATALOG_COMPILER_GLOBAL_ACCENT_COLOR_NAME = AccentColor;
				CODE_SIGN_IDENTITY = "Apple Development";
				CODE_SIGN_STYLE = Automatic;
				CURRENT_PROJECT_VERSION = 1;
				DEVELOPMENT_ASSET_PATHS = "\"TerpExchange/Preview Content\"";
				DEVELOPMENT_TEAM = QHXQCD9FMH;
				ENABLE_PREVIEWS = YES;
				GENERATE_INFOPLIST_FILE = YES;
				INFOPLIST_FILE = TerpExchange/Info.plist;
				INFOPLIST_KEY_NSCameraUsageDescription = "";
				INFOPLIST_KEY_NSPhotoLibraryUsageDescription = "";
				INFOPLIST_KEY_UIApplicationSceneManifest_Generation = YES;
				INFOPLIST_KEY_UIApplicationSupportsIndirectInputEvents = YES;
				INFOPLIST_KEY_UILaunchScreen_Generation = YES;
				INFOPLIST_KEY_UILaunchStoryboardName = LaunchScreen.storyboard;
				INFOPLIST_KEY_UISupportedInterfaceOrientations_iPad = "UIInterfaceOrientationPortrait UIInterfaceOrientationPortraitUpsideDown UIInterfaceOrientationLandscapeLeft UIInterfaceOrientationLandscapeRight";
				INFOPLIST_KEY_UISupportedInterfaceOrientations_iPhone = "UIInterfaceOrientationPortrait UIInterfaceOrientationLandscapeLeft UIInterfaceOrientationLandscapeRight";
				IPHONEOS_DEPLOYMENT_TARGET = 16.4;
				LD_RUNPATH_SEARCH_PATHS = (
					"$(inherited)",
					"@executable_path/Frameworks",
				);
				MARKETING_VERSION = 1.0;
				PRODUCT_BUNDLE_IDENTIFIER = com.SDKRL.TerpExchange;
				PRODUCT_NAME = "$(TARGET_NAME)";
				PROVISIONING_PROFILE_SPECIFIER = "";
				SWIFT_EMIT_LOC_STRINGS = YES;
				SWIFT_VERSION = 5.0;
				TARGETED_DEVICE_FAMILY = "1,2";
			};
			name = Debug;
		};
		0BF0ECB929BF8E3D0009DABC /* Release */ = {
			isa = XCBuildConfiguration;
			buildSettings = {
				ASSETCATALOG_COMPILER_APPICON_NAME = AppIcon;
				ASSETCATALOG_COMPILER_GLOBAL_ACCENT_COLOR_NAME = AccentColor;
				CODE_SIGN_IDENTITY = "Apple Development";
				CODE_SIGN_STYLE = Automatic;
				CURRENT_PROJECT_VERSION = 1;
				DEVELOPMENT_ASSET_PATHS = "\"TerpExchange/Preview Content\"";
				DEVELOPMENT_TEAM = QHXQCD9FMH;
				ENABLE_PREVIEWS = YES;
				GENERATE_INFOPLIST_FILE = YES;
				INFOPLIST_FILE = TerpExchange/Info.plist;
				INFOPLIST_KEY_NSCameraUsageDescription = "";
				INFOPLIST_KEY_NSPhotoLibraryUsageDescription = "";
				INFOPLIST_KEY_UIApplicationSceneManifest_Generation = YES;
				INFOPLIST_KEY_UIApplicationSupportsIndirectInputEvents = YES;
				INFOPLIST_KEY_UILaunchScreen_Generation = YES;
				INFOPLIST_KEY_UILaunchStoryboardName = LaunchScreen.storyboard;
				INFOPLIST_KEY_UISupportedInterfaceOrientations_iPad = "UIInterfaceOrientationPortrait UIInterfaceOrientationPortraitUpsideDown UIInterfaceOrientationLandscapeLeft UIInterfaceOrientationLandscapeRight";
				INFOPLIST_KEY_UISupportedInterfaceOrientations_iPhone = "UIInterfaceOrientationPortrait UIInterfaceOrientationLandscapeLeft UIInterfaceOrientationLandscapeRight";
				IPHONEOS_DEPLOYMENT_TARGET = 16.4;
				LD_RUNPATH_SEARCH_PATHS = (
					"$(inherited)",
					"@executable_path/Frameworks",
				);
				MARKETING_VERSION = 1.0;
				PRODUCT_BUNDLE_IDENTIFIER = com.SDKRL.TerpExchange;
				PRODUCT_NAME = "$(TARGET_NAME)";
				PROVISIONING_PROFILE_SPECIFIER = "";
				SWIFT_EMIT_LOC_STRINGS = YES;
				SWIFT_VERSION = 5.0;
				TARGETED_DEVICE_FAMILY = "1,2";
			};
			name = Release;
		};
/* End XCBuildConfiguration section */

/* Begin XCConfigurationList section */
		0BF0ECA429BF8E3C0009DABC /* Build configuration list for PBXProject "TerpExchange" */ = {
			isa = XCConfigurationList;
			buildConfigurations = (
				0BF0ECB529BF8E3D0009DABC /* Debug */,
				0BF0ECB629BF8E3D0009DABC /* Release */,
			);
			defaultConfigurationIsVisible = 0;
			defaultConfigurationName = Release;
		};
		0BF0ECB729BF8E3D0009DABC /* Build configuration list for PBXNativeTarget "TerpExchange" */ = {
			isa = XCConfigurationList;
			buildConfigurations = (
				0BF0ECB829BF8E3D0009DABC /* Debug */,
				0BF0ECB929BF8E3D0009DABC /* Release */,
			);
			defaultConfigurationIsVisible = 0;
			defaultConfigurationName = Release;
		};
/* End XCConfigurationList section */

/* Begin XCRemoteSwiftPackageReference section */
		0B2FA2F529BF92FE00D9770D /* XCRemoteSwiftPackageReference "firebase-ios-sdk" */ = {
			isa = XCRemoteSwiftPackageReference;
			repositoryURL = "https://github.com/firebase/firebase-ios-sdk";
			requirement = {
				branch = master;
				kind = branch;
			};
		};
		0B2FA30429BF9A5200D9770D /* XCRemoteSwiftPackageReference "GoogleSignIn-iOS" */ = {
			isa = XCRemoteSwiftPackageReference;
			repositoryURL = "https://github.com/google/GoogleSignIn-iOS";
			requirement = {
				kind = upToNextMajorVersion;
				minimumVersion = 7.0.0;
			};
		};
/* End XCRemoteSwiftPackageReference section */

/* Begin XCSwiftPackageProductDependency section */
		0B2FA2F629BF92FE00D9770D /* FirebaseAnalytics */ = {
			isa = XCSwiftPackageProductDependency;
			package = 0B2FA2F529BF92FE00D9770D /* XCRemoteSwiftPackageReference "firebase-ios-sdk" */;
			productName = FirebaseAnalytics;
		};
		0B2FA2F829BF92FE00D9770D /* FirebaseAuth */ = {
			isa = XCSwiftPackageProductDependency;
			package = 0B2FA2F529BF92FE00D9770D /* XCRemoteSwiftPackageReference "firebase-ios-sdk" */;
			productName = FirebaseAuth;
		};
		0B2FA2FA29BF92FE00D9770D /* FirebaseFirestore */ = {
			isa = XCSwiftPackageProductDependency;
			package = 0B2FA2F529BF92FE00D9770D /* XCRemoteSwiftPackageReference "firebase-ios-sdk" */;
			productName = FirebaseFirestore;
		};
		0B2FA30529BF9A5200D9770D /* GoogleSignIn */ = {
			isa = XCSwiftPackageProductDependency;
			package = 0B2FA30429BF9A5200D9770D /* XCRemoteSwiftPackageReference "GoogleSignIn-iOS" */;
			productName = GoogleSignIn;
		};
		0B2FA30729BF9A5200D9770D /* GoogleSignInSwift */ = {
			isa = XCSwiftPackageProductDependency;
			package = 0B2FA30429BF9A5200D9770D /* XCRemoteSwiftPackageReference "GoogleSignIn-iOS" */;
			productName = GoogleSignInSwift;
		};
		2A59D53B29F8457700B31CF4 /* FirebaseStorage */ = {
			isa = XCSwiftPackageProductDependency;
			package = 0B2FA2F529BF92FE00D9770D /* XCRemoteSwiftPackageReference "firebase-ios-sdk" */;
			productName = FirebaseStorage;
		};
		2A59D53D29F8458500B31CF4 /* FirebaseFirestoreSwift */ = {
			isa = XCSwiftPackageProductDependency;
			package = 0B2FA2F529BF92FE00D9770D /* XCRemoteSwiftPackageReference "firebase-ios-sdk" */;
			productName = FirebaseFirestoreSwift;
		};
/* End XCSwiftPackageProductDependency section */
	};
	rootObject = 0BF0ECA129BF8E3C0009DABC /* Project object */;
}
