// !$*UTF8*$!
{
	archiveVersion = 1;
	classes = {
	};
	objectVersion = 56;
	objects = {

/* Begin PBXBuildFile section */
		0B2FA2F229BF911300D9770D /* Righteous-Regular.ttf in Resources */ = {isa = PBXBuildFile; fileRef = 0B2FA2F129BF911300D9770D /* Righteous-Regular.ttf */; };
		0BF0ECAD29BF8E3C0009DABC /* TerpExchangeApp.swift in Sources */ = {isa = PBXBuildFile; fileRef = 0BF0ECAC29BF8E3C0009DABC /* TerpExchangeApp.swift */; };
		0BF0ECAF29BF8E3C0009DABC /* ContentView.swift in Sources */ = {isa = PBXBuildFile; fileRef = 0BF0ECAE29BF8E3C0009DABC /* ContentView.swift */; };
		0BF0ECB129BF8E3D0009DABC /* Assets.xcassets in Resources */ = {isa = PBXBuildFile; fileRef = 0BF0ECB029BF8E3D0009DABC /* Assets.xcassets */; };
		0BF0ECB429BF8E3D0009DABC /* Preview Assets.xcassets in Resources */ = {isa = PBXBuildFile; fileRef = 0BF0ECB329BF8E3D0009DABC /* Preview Assets.xcassets */; };
		0BF0ECBB29BF8E530009DABC /* AccountOptionsView.swift in Sources */ = {isa = PBXBuildFile; fileRef = 0BF0ECBA29BF8E530009DABC /* AccountOptionsView.swift */; };
/* End PBXBuildFile section */

/* Begin PBXFileReference section */
		0B2FA2F029BF8FA300D9770D /* Info.plist */ = {isa = PBXFileReference; lastKnownFileType = text.plist; path = Info.plist; sourceTree = "<group>"; };
		0B2FA2F129BF911300D9770D /* Righteous-Regular.ttf */ = {isa = PBXFileReference; lastKnownFileType = file; path = "Righteous-Regular.ttf"; sourceTree = "<group>"; };
		0BF0ECA929BF8E3C0009DABC /* TerpExchange.app */ = {isa = PBXFileReference; explicitFileType = wrapper.application; includeInIndex = 0; path = TerpExchange.app; sourceTree = BUILT_PRODUCTS_DIR; };
		0BF0ECAC29BF8E3C0009DABC /* TerpExchangeApp.swift */ = {isa = PBXFileReference; lastKnownFileType = sourcecode.swift; path = TerpExchangeApp.swift; sourceTree = "<group>"; };
		0BF0ECAE29BF8E3C0009DABC /* ContentView.swift */ = {isa = PBXFileReference; lastKnownFileType = sourcecode.swift; path = ContentView.swift; sourceTree = "<group>"; };
		0BF0ECB029BF8E3D0009DABC /* Assets.xcassets */ = {isa = PBXFileReference; lastKnownFileType = folder.assetcatalog; path = Assets.xcassets; sourceTree = "<group>"; };
		0BF0ECB329BF8E3D0009DABC /* Preview Assets.xcassets */ = {isa = PBXFileReference; lastKnownFileType = folder.assetcatalog; path = "Preview Assets.xcassets"; sourceTree = "<group>"; };
		0BF0ECBA29BF8E530009DABC /* AccountOptionsView.swift */ = {isa = PBXFileReference; lastKnownFileType = sourcecode.swift; path = AccountOptionsView.swift; sourceTree = "<group>"; };
/* End PBXFileReference section */

/* Begin PBXFrameworksBuildPhase section */
		0BF0ECA629BF8E3C0009DABC /* Frameworks */ = {
			isa = PBXFrameworksBuildPhase;
			buildActionMask = 2147483647;
			files = (
			);
			runOnlyForDeploymentPostprocessing = 0;
		};
/* End PBXFrameworksBuildPhase section */

/* Begin PBXGroup section */
		0B2FA2EE29BF8E8900D9770D /* Views */ = {
			isa = PBXGroup;
			children = (
				0BF0ECAE29BF8E3C0009DABC /* ContentView.swift */,
				0BF0ECBA29BF8E530009DABC /* AccountOptionsView.swift */,
			);
			path = Views;
			sourceTree = "<group>";
		};
		0B2FA2EF29BF8ED500D9770D /* Fonts */ = {
			isa = PBXGroup;
			children = (
				0B2FA2F129BF911300D9770D /* Righteous-Regular.ttf */,
			);
			path = Fonts;
			sourceTree = "<group>";
		};
		0BF0ECA029BF8E3C0009DABC = {
			isa = PBXGroup;
			children = (
				0BF0ECAB29BF8E3C0009DABC /* TerpExchange */,
				0BF0ECAA29BF8E3C0009DABC /* Products */,
			);
			sourceTree = "<group>";
		};
		0BF0ECAA29BF8E3C0009DABC /* Products */ = {
			isa = PBXGroup;
			children = (
				0BF0ECA929BF8E3C0009DABC /* TerpExchange.app */,
			);
			name = Products;
			sourceTree = "<group>";
		};
		0BF0ECAB29BF8E3C0009DABC /* TerpExchange */ = {
			isa = PBXGroup;
			children = (
				0B2FA2F029BF8FA300D9770D /* Info.plist */,
				0B2FA2EF29BF8ED500D9770D /* Fonts */,
				0BF0ECAC29BF8E3C0009DABC /* TerpExchangeApp.swift */,
				0B2FA2EE29BF8E8900D9770D /* Views */,
				0BF0ECB029BF8E3D0009DABC /* Assets.xcassets */,
				0BF0ECB229BF8E3D0009DABC /* Preview Content */,
			);
			path = TerpExchange;
			sourceTree = "<group>";
		};
		0BF0ECB229BF8E3D0009DABC /* Preview Content */ = {
			isa = PBXGroup;
			children = (
				0BF0ECB329BF8E3D0009DABC /* Preview Assets.xcassets */,
			);
			path = "Preview Content";
			sourceTree = "<group>";
		};
/* End PBXGroup section */

/* Begin PBXNativeTarget section */
		0BF0ECA829BF8E3C0009DABC /* TerpExchange */ = {
			isa = PBXNativeTarget;
			buildConfigurationList = 0BF0ECB729BF8E3D0009DABC /* Build configuration list for PBXNativeTarget "TerpExchange" */;
			buildPhases = (
				0BF0ECA529BF8E3C0009DABC /* Sources */,
				0BF0ECA629BF8E3C0009DABC /* Frameworks */,
				0BF0ECA729BF8E3C0009DABC /* Resources */,
			);
			buildRules = (
			);
			dependencies = (
			);
			name = TerpExchange;
			productName = TerpExchange;
			productReference = 0BF0ECA929BF8E3C0009DABC /* TerpExchange.app */;
			productType = "com.apple.product-type.application";
		};
/* End PBXNativeTarget section */

/* Begin PBXProject section */
		0BF0ECA129BF8E3C0009DABC /* Project object */ = {
			isa = PBXProject;
			attributes = {
				BuildIndependentTargetsInParallel = 1;
				LastSwiftUpdateCheck = 1420;
				LastUpgradeCheck = 1420;
				TargetAttributes = {
					0BF0ECA829BF8E3C0009DABC = {
						CreatedOnToolsVersion = 14.2;
					};
				};
			};
			buildConfigurationList = 0BF0ECA429BF8E3C0009DABC /* Build configuration list for PBXProject "TerpExchange" */;
			compatibilityVersion = "Xcode 14.0";
			developmentRegion = en;
			hasScannedForEncodings = 0;
			knownRegions = (
				en,
				Base,
			);
			mainGroup = 0BF0ECA029BF8E3C0009DABC;
			productRefGroup = 0BF0ECAA29BF8E3C0009DABC /* Products */;
			projectDirPath = "";
			projectRoot = "";
			targets = (
				0BF0ECA829BF8E3C0009DABC /* TerpExchange */,
			);
		};
/* End PBXProject section */

/* Begin PBXResourcesBuildPhase section */
		0BF0ECA729BF8E3C0009DABC /* Resources */ = {
			isa = PBXResourcesBuildPhase;
			buildActionMask = 2147483647;
			files = (
				0BF0ECB429BF8E3D0009DABC /* Preview Assets.xcassets in Resources */,
				0B2FA2F229BF911300D9770D /* Righteous-Regular.ttf in Resources */,
				0BF0ECB129BF8E3D0009DABC /* Assets.xcassets in Resources */,
			);
			runOnlyForDeploymentPostprocessing = 0;
		};
/* End PBXResourcesBuildPhase section */

/* Begin PBXSourcesBuildPhase section */
		0BF0ECA529BF8E3C0009DABC /* Sources */ = {
			isa = PBXSourcesBuildPhase;
			buildActionMask = 2147483647;
			files = (
				0BF0ECBB29BF8E530009DABC /* AccountOptionsView.swift in Sources */,
				0BF0ECAF29BF8E3C0009DABC /* ContentView.swift in Sources */,
				0BF0ECAD29BF8E3C0009DABC /* TerpExchangeApp.swift in Sources */,
			);
			runOnlyForDeploymentPostprocessing = 0;
		};
/* End PBXSourcesBuildPhase section */

/* Begin XCBuildConfiguration section */
		0BF0ECB529BF8E3D0009DABC /* Debug */ = {
			isa = XCBuildConfiguration;
			buildSettings = {
				ALWAYS_SEARCH_USER_PATHS = NO;
				CLANG_ANALYZER_NONNULL = YES;
				CLANG_ANALYZER_NUMBER_OBJECT_CONVERSION = YES_AGGRESSIVE;
				CLANG_CXX_LANGUAGE_STANDARD = "gnu++20";
				CLANG_ENABLE_MODULES = YES;
				CLANG_ENABLE_OBJC_ARC = YES;
				CLANG_ENABLE_OBJC_WEAK = YES;
				CLANG_WARN_BLOCK_CAPTURE_AUTORELEASING = YES;
				CLANG_WARN_BOOL_CONVERSION = YES;
				CLANG_WARN_COMMA = YES;
				CLANG_WARN_CONSTANT_CONVERSION = YES;
				CLANG_WARN_DEPRECATED_OBJC_IMPLEMENTATIONS = YES;
				CLANG_WARN_DIRECT_OBJC_ISA_USAGE = YES_ERROR;
				CLANG_WARN_DOCUMENTATION_COMMENTS = YES;
				CLANG_WARN_EMPTY_BODY = YES;
				CLANG_WARN_ENUM_CONVERSION = YES;
				CLANG_WARN_INFINITE_RECURSION = YES;
				CLANG_WARN_INT_CONVERSION = YES;
				CLANG_WARN_NON_LITERAL_NULL_CONVERSION = YES;
				CLANG_WARN_OBJC_IMPLICIT_RETAIN_SELF = YES;
				CLANG_WARN_OBJC_LITERAL_CONVERSION = YES;
				CLANG_WARN_OBJC_ROOT_CLASS = YES_ERROR;
				CLANG_WARN_QUOTED_INCLUDE_IN_FRAMEWORK_HEADER = YES;
				CLANG_WARN_RANGE_LOOP_ANALYSIS = YES;
				CLANG_WARN_STRICT_PROTOTYPES = YES;
				CLANG_WARN_SUSPICIOUS_MOVE = YES;
				CLANG_WARN_UNGUARDED_AVAILABILITY = YES_AGGRESSIVE;
				CLANG_WARN_UNREACHABLE_CODE = YES;
				CLANG_WARN__DUPLICATE_METHOD_MATCH = YES;
				COPY_PHASE_STRIP = NO;
				DEBUG_INFORMATION_FORMAT = dwarf;
				ENABLE_STRICT_OBJC_MSGSEND = YES;
				ENABLE_TESTABILITY = YES;
				GCC_C_LANGUAGE_STANDARD = gnu11;
				GCC_DYNAMIC_NO_PIC = NO;
				GCC_NO_COMMON_BLOCKS = YES;
				GCC_OPTIMIZATION_LEVEL = 0;
				GCC_PREPROCESSOR_DEFINITIONS = (
					"DEBUG=1",
					"$(inherited)",
				);
				GCC_WARN_64_TO_32_BIT_CONVERSION = YES;
				GCC_WARN_ABOUT_RETURN_TYPE = YES_ERROR;
				GCC_WARN_UNDECLARED_SELECTOR = YES;
				GCC_WARN_UNINITIALIZED_AUTOS = YES_AGGRESSIVE;
				GCC_WARN_UNUSED_FUNCTION = YES;
				GCC_WARN_UNUSED_VARIABLE = YES;
				IPHONEOS_DEPLOYMENT_TARGET = 16.2;
				MTL_ENABLE_DEBUG_INFO = INCLUDE_SOURCE;
				MTL_FAST_MATH = YES;
				ONLY_ACTIVE_ARCH = YES;
				SDKROOT = iphoneos;
				SWIFT_ACTIVE_COMPILATION_CONDITIONS = DEBUG;
				SWIFT_OPTIMIZATION_LEVEL = "-Onone";
			};
			name = Debug;
		};
		0BF0ECB629BF8E3D0009DABC /* Release */ = {
			isa = XCBuildConfiguration;
			buildSettings = {
				ALWAYS_SEARCH_USER_PATHS = NO;
				CLANG_ANALYZER_NONNULL = YES;
				CLANG_ANALYZER_NUMBER_OBJECT_CONVERSION = YES_AGGRESSIVE;
				CLANG_CXX_LANGUAGE_STANDARD = "gnu++20";
				CLANG_ENABLE_MODULES = YES;
				CLANG_ENABLE_OBJC_ARC = YES;
				CLANG_ENABLE_OBJC_WEAK = YES;
				CLANG_WARN_BLOCK_CAPTURE_AUTORELEASING = YES;
				CLANG_WARN_BOOL_CONVERSION = YES;
				CLANG_WARN_COMMA = YES;
				CLANG_WARN_CONSTANT_CONVERSION = YES;
				CLANG_WARN_DEPRECATED_OBJC_IMPLEMENTATIONS = YES;
				CLANG_WARN_DIRECT_OBJC_ISA_USAGE = YES_ERROR;
				CLANG_WARN_DOCUMENTATION_COMMENTS = YES;
				CLANG_WARN_EMPTY_BODY = YES;
				CLANG_WARN_ENUM_CONVERSION = YES;
				CLANG_WARN_INFINITE_RECURSION = YES;
				CLANG_WARN_INT_CONVERSION = YES;
				CLANG_WARN_NON_LITERAL_NULL_CONVERSION = YES;
				CLANG_WARN_OBJC_IMPLICIT_RETAIN_SELF = YES;
				CLANG_WARN_OBJC_LITERAL_CONVERSION = YES;
				CLANG_WARN_OBJC_ROOT_CLASS = YES_ERROR;
				CLANG_WARN_QUOTED_INCLUDE_IN_FRAMEWORK_HEADER = YES;
				CLANG_WARN_RANGE_LOOP_ANALYSIS = YES;
				CLANG_WARN_STRICT_PROTOTYPES = YES;
				CLANG_WARN_SUSPICIOUS_MOVE = YES;
				CLANG_WARN_UNGUARDED_AVAILABILITY = YES_AGGRESSIVE;
				CLANG_WARN_UNREACHABLE_CODE = YES;
				CLANG_WARN__DUPLICATE_METHOD_MATCH = YES;
				COPY_PHASE_STRIP = NO;
				DEBUG_INFORMATION_FORMAT = "dwarf-with-dsym";
				ENABLE_NS_ASSERTIONS = NO;
				ENABLE_STRICT_OBJC_MSGSEND = YES;
				GCC_C_LANGUAGE_STANDARD = gnu11;
				GCC_NO_COMMON_BLOCKS = YES;
				GCC_WARN_64_TO_32_BIT_CONVERSION = YES;
				GCC_WARN_ABOUT_RETURN_TYPE = YES_ERROR;
				GCC_WARN_UNDECLARED_SELECTOR = YES;
				GCC_WARN_UNINITIALIZED_AUTOS = YES_AGGRESSIVE;
				GCC_WARN_UNUSED_FUNCTION = YES;
				GCC_WARN_UNUSED_VARIABLE = YES;
				IPHONEOS_DEPLOYMENT_TARGET = 16.2;
				MTL_ENABLE_DEBUG_INFO = NO;
				MTL_FAST_MATH = YES;
				SDKROOT = iphoneos;
				SWIFT_COMPILATION_MODE = wholemodule;
				SWIFT_OPTIMIZATION_LEVEL = "-O";
				VALIDATE_PRODUCT = YES;
			};
			name = Release;
		};
		0BF0ECB829BF8E3D0009DABC /* Debug */ = {
			isa = XCBuildConfiguration;
			buildSettings = {
				ASSETCATALOG_COMPILER_APPICON_NAME = AppIcon;
				ASSETCATALOG_COMPILER_GLOBAL_ACCENT_COLOR_NAME = AccentColor;
				CODE_SIGN_STYLE = Automatic;
				CURRENT_PROJECT_VERSION = 1;
				DEVELOPMENT_ASSET_PATHS = "\"TerpExchange/Preview Content\"";
				ENABLE_PREVIEWS = YES;
				GENERATE_INFOPLIST_FILE = YES;
				INFOPLIST_FILE = TerpExchange/Info.plist;
				INFOPLIST_KEY_UIApplicationSceneManifest_Generation = YES;
				INFOPLIST_KEY_UIApplicationSupportsIndirectInputEvents = YES;
				INFOPLIST_KEY_UILaunchScreen_Generation = YES;
				INFOPLIST_KEY_UISupportedInterfaceOrientations_iPad = "UIInterfaceOrientationPortrait UIInterfaceOrientationPortraitUpsideDown UIInterfaceOrientationLandscapeLeft UIInterfaceOrientationLandscapeRight";
				INFOPLIST_KEY_UISupportedInterfaceOrientations_iPhone = "UIInterfaceOrientationPortrait UIInterfaceOrientationLandscapeLeft UIInterfaceOrientationLandscapeRight";
				LD_RUNPATH_SEARCH_PATHS = (
					"$(inherited)",
					"@executable_path/Frameworks",
				);
				MARKETING_VERSION = 1.0;
				PRODUCT_BUNDLE_IDENTIFIER = com.SDKRL.TerpExchange;
				PRODUCT_NAME = "$(TARGET_NAME)";
				SWIFT_EMIT_LOC_STRINGS = YES;
				SWIFT_VERSION = 5.0;
				TARGETED_DEVICE_FAMILY = "1,2";
			};
			name = Debug;
		};
		0BF0ECB929BF8E3D0009DABC /* Release */ = {
			isa = XCBuildConfiguration;
			buildSettings = {
				ASSETCATALOG_COMPILER_APPICON_NAME = AppIcon;
				ASSETCATALOG_COMPILER_GLOBAL_ACCENT_COLOR_NAME = AccentColor;
				CODE_SIGN_STYLE = Automatic;
				CURRENT_PROJECT_VERSION = 1;
				DEVELOPMENT_ASSET_PATHS = "\"TerpExchange/Preview Content\"";
				ENABLE_PREVIEWS = YES;
				GENERATE_INFOPLIST_FILE = YES;
				INFOPLIST_FILE = TerpExchange/Info.plist;
				INFOPLIST_KEY_UIApplicationSceneManifest_Generation = YES;
				INFOPLIST_KEY_UIApplicationSupportsIndirectInputEvents = YES;
				INFOPLIST_KEY_UILaunchScreen_Generation = YES;
				INFOPLIST_KEY_UISupportedInterfaceOrientations_iPad = "UIInterfaceOrientationPortrait UIInterfaceOrientationPortraitUpsideDown UIInterfaceOrientationLandscapeLeft UIInterfaceOrientationLandscapeRight";
				INFOPLIST_KEY_UISupportedInterfaceOrientations_iPhone = "UIInterfaceOrientationPortrait UIInterfaceOrientationLandscapeLeft UIInterfaceOrientationLandscapeRight";
				LD_RUNPATH_SEARCH_PATHS = (
					"$(inherited)",
					"@executable_path/Frameworks",
				);
				MARKETING_VERSION = 1.0;
				PRODUCT_BUNDLE_IDENTIFIER = com.SDKRL.TerpExchange;
				PRODUCT_NAME = "$(TARGET_NAME)";
				SWIFT_EMIT_LOC_STRINGS = YES;
				SWIFT_VERSION = 5.0;
				TARGETED_DEVICE_FAMILY = "1,2";
			};
			name = Release;
		};
/* End XCBuildConfiguration section */

/* Begin XCConfigurationList section */
		0BF0ECA429BF8E3C0009DABC /* Build configuration list for PBXProject "TerpExchange" */ = {
			isa = XCConfigurationList;
			buildConfigurations = (
				0BF0ECB529BF8E3D0009DABC /* Debug */,
				0BF0ECB629BF8E3D0009DABC /* Release */,
			);
			defaultConfigurationIsVisible = 0;
			defaultConfigurationName = Release;
		};
		0BF0ECB729BF8E3D0009DABC /* Build configuration list for PBXNativeTarget "TerpExchange" */ = {
			isa = XCConfigurationList;
			buildConfigurations = (
				0BF0ECB829BF8E3D0009DABC /* Debug */,
				0BF0ECB929BF8E3D0009DABC /* Release */,
			);
			defaultConfigurationIsVisible = 0;
			defaultConfigurationName = Release;
		};
/* End XCConfigurationList section */
	};
	rootObject = 0BF0ECA129BF8E3C0009DABC /* Project object */;
}
